// !$*UTF8*$!
{
	archiveVersion = 1;
	classes = {
	};
	objectVersion = 52;
	objects = {

/* Begin PBXBuildFile section */
		AD138BC427E10A9200987381 /* NotePrototypeCell.swift in Sources */ = {isa = PBXBuildFile; fileRef = AD138BC327E10A9200987381 /* NotePrototypeCell.swift */; };
		AD3CAFAC27DFB85B00544FF6 /* AddNoteViewController.swift in Sources */ = {isa = PBXBuildFile; fileRef = AD3CAFAB27DFB85B00544FF6 /* AddNoteViewController.swift */; };
		ADD8236527DE7FC200A20760 /* AppDelegate.swift in Sources */ = {isa = PBXBuildFile; fileRef = ADD8236427DE7FC200A20760 /* AppDelegate.swift */; };
		ADD8236727DE7FC200A20760 /* SceneDelegate.swift in Sources */ = {isa = PBXBuildFile; fileRef = ADD8236627DE7FC200A20760 /* SceneDelegate.swift */; };
		ADD8236927DE7FC200A20760 /* ViewController.swift in Sources */ = {isa = PBXBuildFile; fileRef = ADD8236827DE7FC200A20760 /* ViewController.swift */; };
		ADD8236C27DE7FC200A20760 /* Main.storyboard in Resources */ = {isa = PBXBuildFile; fileRef = ADD8236A27DE7FC200A20760 /* Main.storyboard */; };
		ADD8236E27DE7FC400A20760 /* Assets.xcassets in Resources */ = {isa = PBXBuildFile; fileRef = ADD8236D27DE7FC400A20760 /* Assets.xcassets */; };
		ADD8237127DE7FC400A20760 /* LaunchScreen.storyboard in Resources */ = {isa = PBXBuildFile; fileRef = ADD8236F27DE7FC400A20760 /* LaunchScreen.storyboard */; };
		ADF563E027DE881300C8C1E1 /* Alamofire in Frameworks */ = {isa = PBXBuildFile; productRef = ADF563DF27DE881300C8C1E1 /* Alamofire */; };
		ADF563E327DE884200C8C1E1 /* APIFunctions.swift in Sources */ = {isa = PBXBuildFile; fileRef = ADF563E227DE884200C8C1E1 /* APIFunctions.swift */; };
/* End PBXBuildFile section */

/* Begin PBXFileReference section */
		AD138BC327E10A9200987381 /* NotePrototypeCell.swift */ = {isa = PBXFileReference; lastKnownFileType = sourcecode.swift; path = NotePrototypeCell.swift; sourceTree = "<group>"; };
		AD3CAFAB27DFB85B00544FF6 /* AddNoteViewController.swift */ = {isa = PBXFileReference; lastKnownFileType = sourcecode.swift; path = AddNoteViewController.swift; sourceTree = "<group>"; };
		ADD8236127DE7FC200A20760 /* First-App.app */ = {isa = PBXFileReference; explicitFileType = wrapper.application; includeInIndex = 0; path = "First-App.app"; sourceTree = BUILT_PRODUCTS_DIR; };
		ADD8236427DE7FC200A20760 /* AppDelegate.swift */ = {isa = PBXFileReference; lastKnownFileType = sourcecode.swift; path = AppDelegate.swift; sourceTree = "<group>"; };
		ADD8236627DE7FC200A20760 /* SceneDelegate.swift */ = {isa = PBXFileReference; lastKnownFileType = sourcecode.swift; path = SceneDelegate.swift; sourceTree = "<group>"; };
		ADD8236827DE7FC200A20760 /* ViewController.swift */ = {isa = PBXFileReference; lastKnownFileType = sourcecode.swift; path = ViewController.swift; sourceTree = "<group>"; };
		ADD8236B27DE7FC200A20760 /* Base */ = {isa = PBXFileReference; lastKnownFileType = file.storyboard; name = Base; path = Base.lproj/Main.storyboard; sourceTree = "<group>"; };
		ADD8236D27DE7FC400A20760 /* Assets.xcassets */ = {isa = PBXFileReference; lastKnownFileType = folder.assetcatalog; path = Assets.xcassets; sourceTree = "<group>"; };
		ADD8237027DE7FC400A20760 /* Base */ = {isa = PBXFileReference; lastKnownFileType = file.storyboard; name = Base; path = Base.lproj/LaunchScreen.storyboard; sourceTree = "<group>"; };
		ADD8237227DE7FC400A20760 /* Info.plist */ = {isa = PBXFileReference; lastKnownFileType = text.plist.xml; path = Info.plist; sourceTree = "<group>"; };
		ADF563E227DE884200C8C1E1 /* APIFunctions.swift */ = {isa = PBXFileReference; lastKnownFileType = sourcecode.swift; path = APIFunctions.swift; sourceTree = "<group>"; };
/* End PBXFileReference section */

/* Begin PBXFrameworksBuildPhase section */
		ADD8235E27DE7FC200A20760 /* Frameworks */ = {
			isa = PBXFrameworksBuildPhase;
			buildActionMask = 2147483647;
			files = (
				ADF563E027DE881300C8C1E1 /* Alamofire in Frameworks */,
			);
			runOnlyForDeploymentPostprocessing = 0;
		};
/* End PBXFrameworksBuildPhase section */

/* Begin PBXGroup section */
		ADD8235827DE7FC200A20760 = {
			isa = PBXGroup;
			children = (
				ADD8236327DE7FC200A20760 /* First-App */,
				ADD8236227DE7FC200A20760 /* Products */,
			);
			sourceTree = "<group>";
		};
		ADD8236227DE7FC200A20760 /* Products */ = {
			isa = PBXGroup;
			children = (
				ADD8236127DE7FC200A20760 /* First-App.app */,
			);
			name = Products;
			sourceTree = "<group>";
		};
		ADD8236327DE7FC200A20760 /* First-App */ = {
			isa = PBXGroup;
			children = (
				ADD8236427DE7FC200A20760 /* AppDelegate.swift */,
				ADD8236627DE7FC200A20760 /* SceneDelegate.swift */,
				ADD8236827DE7FC200A20760 /* ViewController.swift */,
				ADD8236A27DE7FC200A20760 /* Main.storyboard */,
				ADD8236D27DE7FC400A20760 /* Assets.xcassets */,
				ADD8236F27DE7FC400A20760 /* LaunchScreen.storyboard */,
				ADD8237227DE7FC400A20760 /* Info.plist */,
				ADF563E227DE884200C8C1E1 /* APIFunctions.swift */,
				AD3CAFAB27DFB85B00544FF6 /* AddNoteViewController.swift */,
				AD138BC327E10A9200987381 /* NotePrototypeCell.swift */,
			);
			path = "First-App";
			sourceTree = "<group>";
		};
/* End PBXGroup section */

/* Begin PBXNativeTarget section */
		ADD8236027DE7FC200A20760 /* First-App */ = {
			isa = PBXNativeTarget;
			buildConfigurationList = ADD8237527DE7FC400A20760 /* Build configuration list for PBXNativeTarget "First-App" */;
			buildPhases = (
				ADD8235D27DE7FC200A20760 /* Sources */,
				ADD8235E27DE7FC200A20760 /* Frameworks */,
				ADD8235F27DE7FC200A20760 /* Resources */,
			);
			buildRules = (
			);
			dependencies = (
			);
			name = "First-App";
			packageProductDependencies = (
				ADF563DF27DE881300C8C1E1 /* Alamofire */,
			);
			productName = "First-App";
			productReference = ADD8236127DE7FC200A20760 /* First-App.app */;
			productType = "com.apple.product-type.application";
		};
/* End PBXNativeTarget section */

/* Begin PBXProject section */
		ADD8235927DE7FC200A20760 /* Project object */ = {
			isa = PBXProject;
			attributes = {
				LastSwiftUpdateCheck = 1240;
				LastUpgradeCheck = 1240;
				TargetAttributes = {
					ADD8236027DE7FC200A20760 = {
						CreatedOnToolsVersion = 12.4;
					};
				};
			};
			buildConfigurationList = ADD8235C27DE7FC200A20760 /* Build configuration list for PBXProject "First-App" */;
			compatibilityVersion = "Xcode 9.3";
			developmentRegion = en;
			hasScannedForEncodings = 0;
			knownRegions = (
				en,
				Base,
			);
			mainGroup = ADD8235827DE7FC200A20760;
			packageReferences = (
				ADF563DE27DE881300C8C1E1 /* XCRemoteSwiftPackageReference "Alamofire" */,
			);
			productRefGroup = ADD8236227DE7FC200A20760 /* Products */;
			projectDirPath = "";
			projectRoot = "";
			targets = (
				ADD8236027DE7FC200A20760 /* First-App */,
			);
		};
/* End PBXProject section */

/* Begin PBXResourcesBuildPhase section */
		ADD8235F27DE7FC200A20760 /* Resources */ = {
			isa = PBXResourcesBuildPhase;
			buildActionMask = 2147483647;
			files = (
				ADD8237127DE7FC400A20760 /* LaunchScreen.storyboard in Resources */,
				ADD8236E27DE7FC400A20760 /* Assets.xcassets in Resources */,
				ADD8236C27DE7FC200A20760 /* Main.storyboard in Resources */,
			);
			runOnlyForDeploymentPostprocessing = 0;
		};
/* End PBXResourcesBuildPhase section */

/* Begin PBXSourcesBuildPhase section */
		ADD8235D27DE7FC200A20760 /* Sources */ = {
			isa = PBXSourcesBuildPhase;
			buildActionMask = 2147483647;
			files = (
				ADF563E327DE884200C8C1E1 /* APIFunctions.swift in Sources */,
				ADD8236927DE7FC200A20760 /* ViewController.swift in Sources */,
				ADD8236527DE7FC200A20760 /* AppDelegate.swift in Sources */,
				AD3CAFAC27DFB85B00544FF6 /* AddNoteViewController.swift in Sources */,
				AD138BC427E10A9200987381 /* NotePrototypeCell.swift in Sources */,
				ADD8236727DE7FC200A20760 /* SceneDelegate.swift in Sources */,
			);
			runOnlyForDeploymentPostprocessing = 0;
		};
/* End PBXSourcesBuildPhase section */

/* Begin PBXVariantGroup section */
		ADD8236A27DE7FC200A20760 /* Main.storyboard */ = {
			isa = PBXVariantGroup;
			children = (
				ADD8236B27DE7FC200A20760 /* Base */,
			);
			name = Main.storyboard;
			sourceTree = "<group>";
		};
		ADD8236F27DE7FC400A20760 /* LaunchScreen.storyboard */ = {
			isa = PBXVariantGroup;
			children = (
				ADD8237027DE7FC400A20760 /* Base */,
			);
			name = LaunchScreen.storyboard;
			sourceTree = "<group>";
		};
/* End PBXVariantGroup section */

/* Begin XCBuildConfiguration section */
		ADD8237327DE7FC400A20760 /* Debug */ = {
			isa = XCBuildConfiguration;
			buildSettings = {
				ALWAYS_SEARCH_USER_PATHS = NO;
				CLANG_ANALYZER_NONNULL = YES;
				CLANG_ANALYZER_NUMBER_OBJECT_CONVERSION = YES_AGGRESSIVE;
				CLANG_CXX_LANGUAGE_STANDARD = "gnu++14";
				CLANG_CXX_LIBRARY = "libc++";
				CLANG_ENABLE_MODULES = YES;
				CLANG_ENABLE_OBJC_ARC = YES;
				CLANG_ENABLE_OBJC_WEAK = YES;
				CLANG_WARN_BLOCK_CAPTURE_AUTORELEASING = YES;
				CLANG_WARN_BOOL_CONVERSION = YES;
				CLANG_WARN_COMMA = YES;
				CLANG_WARN_CONSTANT_CONVERSION = YES;
				CLANG_WARN_DEPRECATED_OBJC_IMPLEMENTATIONS = YES;
				CLANG_WARN_DIRECT_OBJC_ISA_USAGE = YES_ERROR;
				CLANG_WARN_DOCUMENTATION_COMMENTS = YES;
				CLANG_WARN_EMPTY_BODY = YES;
				CLANG_WARN_ENUM_CONVERSION = YES;
				CLANG_WARN_INFINITE_RECURSION = YES;
				CLANG_WARN_INT_CONVERSION = YES;
				CLANG_WARN_NON_LITERAL_NULL_CONVERSION = YES;
				CLANG_WARN_OBJC_IMPLICIT_RETAIN_SELF = YES;
				CLANG_WARN_OBJC_LITERAL_CONVERSION = YES;
				CLANG_WARN_OBJC_ROOT_CLASS = YES_ERROR;
				CLANG_WARN_QUOTED_INCLUDE_IN_FRAMEWORK_HEADER = YES;
				CLANG_WARN_RANGE_LOOP_ANALYSIS = YES;
				CLANG_WARN_STRICT_PROTOTYPES = YES;
				CLANG_WARN_SUSPICIOUS_MOVE = YES;
				CLANG_WARN_UNGUARDED_AVAILABILITY = YES_AGGRESSIVE;
				CLANG_WARN_UNREACHABLE_CODE = YES;
				CLANG_WARN__DUPLICATE_METHOD_MATCH = YES;
				COPY_PHASE_STRIP = NO;
				DEBUG_INFORMATION_FORMAT = dwarf;
				ENABLE_STRICT_OBJC_MSGSEND = YES;
				ENABLE_TESTABILITY = YES;
				GCC_C_LANGUAGE_STANDARD = gnu11;
				GCC_DYNAMIC_NO_PIC = NO;
				GCC_NO_COMMON_BLOCKS = YES;
				GCC_OPTIMIZATION_LEVEL = 0;
				GCC_PREPROCESSOR_DEFINITIONS = (
					"DEBUG=1",
					"$(inherited)",
				);
				GCC_WARN_64_TO_32_BIT_CONVERSION = YES;
				GCC_WARN_ABOUT_RETURN_TYPE = YES_ERROR;
				GCC_WARN_UNDECLARED_SELECTOR = YES;
				GCC_WARN_UNINITIALIZED_AUTOS = YES_AGGRESSIVE;
				GCC_WARN_UNUSED_FUNCTION = YES;
				GCC_WARN_UNUSED_VARIABLE = YES;
				IPHONEOS_DEPLOYMENT_TARGET = 14.4;
				MTL_ENABLE_DEBUG_INFO = INCLUDE_SOURCE;
				MTL_FAST_MATH = YES;
				ONLY_ACTIVE_ARCH = YES;
				SDKROOT = iphoneos;
				SWIFT_ACTIVE_COMPILATION_CONDITIONS = DEBUG;
				SWIFT_OPTIMIZATION_LEVEL = "-Onone";
			};
			name = Debug;
		};
		ADD8237427DE7FC400A20760 /* Release */ = {
			isa = XCBuildConfiguration;
			buildSettings = {
				ALWAYS_SEARCH_USER_PATHS = NO;
				CLANG_ANALYZER_NONNULL = YES;
				CLANG_ANALYZER_NUMBER_OBJECT_CONVERSION = YES_AGGRESSIVE;
				CLANG_CXX_LANGUAGE_STANDARD = "gnu++14";
				CLANG_CXX_LIBRARY = "libc++";
				CLANG_ENABLE_MODULES = YES;
				CLANG_ENABLE_OBJC_ARC = YES;
				CLANG_ENABLE_OBJC_WEAK = YES;
				CLANG_WARN_BLOCK_CAPTURE_AUTORELEASING = YES;
				CLANG_WARN_BOOL_CONVERSION = YES;
				CLANG_WARN_COMMA = YES;
				CLANG_WARN_CONSTANT_CONVERSION = YES;
				CLANG_WARN_DEPRECATED_OBJC_IMPLEMENTATIONS = YES;
				CLANG_WARN_DIRECT_OBJC_ISA_USAGE = YES_ERROR;
				CLANG_WARN_DOCUMENTATION_COMMENTS = YES;
				CLANG_WARN_EMPTY_BODY = YES;
				CLANG_WARN_ENUM_CONVERSION = YES;
				CLANG_WARN_INFINITE_RECURSION = YES;
				CLANG_WARN_INT_CONVERSION = YES;
				CLANG_WARN_NON_LITERAL_NULL_CONVERSION = YES;
				CLANG_WARN_OBJC_IMPLICIT_RETAIN_SELF = YES;
				CLANG_WARN_OBJC_LITERAL_CONVERSION = YES;
				CLANG_WARN_OBJC_ROOT_CLASS = YES_ERROR;
				CLANG_WARN_QUOTED_INCLUDE_IN_FRAMEWORK_HEADER = YES;
				CLANG_WARN_RANGE_LOOP_ANALYSIS = YES;
				CLANG_WARN_STRICT_PROTOTYPES = YES;
				CLANG_WARN_SUSPICIOUS_MOVE = YES;
				CLANG_WARN_UNGUARDED_AVAILABILITY = YES_AGGRESSIVE;
				CLANG_WARN_UNREACHABLE_CODE = YES;
				CLANG_WARN__DUPLICATE_METHOD_MATCH = YES;
				COPY_PHASE_STRIP = NO;
				DEBUG_INFORMATION_FORMAT = "dwarf-with-dsym";
				ENABLE_NS_ASSERTIONS = NO;
				ENABLE_STRICT_OBJC_MSGSEND = YES;
				GCC_C_LANGUAGE_STANDARD = gnu11;
				GCC_NO_COMMON_BLOCKS = YES;
				GCC_WARN_64_TO_32_BIT_CONVERSION = YES;
				GCC_WARN_ABOUT_RETURN_TYPE = YES_ERROR;
				GCC_WARN_UNDECLARED_SELECTOR = YES;
				GCC_WARN_UNINITIALIZED_AUTOS = YES_AGGRESSIVE;
				GCC_WARN_UNUSED_FUNCTION = YES;
				GCC_WARN_UNUSED_VARIABLE = YES;
				IPHONEOS_DEPLOYMENT_TARGET = 14.4;
				MTL_ENABLE_DEBUG_INFO = NO;
				MTL_FAST_MATH = YES;
				SDKROOT = iphoneos;
				SWIFT_COMPILATION_MODE = wholemodule;
				SWIFT_OPTIMIZATION_LEVEL = "-O";
				VALIDATE_PRODUCT = YES;
			};
			name = Release;
		};
		ADD8237627DE7FC400A20760 /* Debug */ = {
			isa = XCBuildConfiguration;
			buildSettings = {
				ASSETCATALOG_COMPILER_APPICON_NAME = AppIcon;
				ASSETCATALOG_COMPILER_GLOBAL_ACCENT_COLOR_NAME = AccentColor;
				CODE_SIGN_STYLE = Automatic;
				INFOPLIST_FILE = "First-App/Info.plist";
				LD_RUNPATH_SEARCH_PATHS = (
					"$(inherited)",
					"@executable_path/Frameworks",
				);
				PRODUCT_BUNDLE_IDENTIFIER = "YevheniiShypitsyn.First-App";
				PRODUCT_NAME = "$(TARGET_NAME)";
				SWIFT_VERSION = 5.0;
				TARGETED_DEVICE_FAMILY = "1,2";
			};
			name = Debug;
		};
		ADD8237727DE7FC400A20760 /* Release */ = {
			isa = XCBuildConfiguration;
			buildSettings = {
				ASSETCATALOG_COMPILER_APPICON_NAME = AppIcon;
				ASSETCATALOG_COMPILER_GLOBAL_ACCENT_COLOR_NAME = AccentColor;
				CODE_SIGN_STYLE = Automatic;
				INFOPLIST_FILE = "First-App/Info.plist";
				LD_RUNPATH_SEARCH_PATHS = (
					"$(inherited)",
					"@executable_path/Frameworks",
				);
				PRODUCT_BUNDLE_IDENTIFIER = "YevheniiShypitsyn.First-App";
				PRODUCT_NAME = "$(TARGET_NAME)";
				SWIFT_VERSION = 5.0;
				TARGETED_DEVICE_FAMILY = "1,2";
			};
			name = Release;
		};
/* End XCBuildConfiguration section */

/* Begin XCConfigurationList section */
		ADD8235C27DE7FC200A20760 /* Build configuration list for PBXProject "First-App" */ = {
			isa = XCConfigurationList;
			buildConfigurations = (
				ADD8237327DE7FC400A20760 /* Debug */,
				ADD8237427DE7FC400A20760 /* Release */,
			);
			defaultConfigurationIsVisible = 0;
			defaultConfigurationName = Release;
		};
		ADD8237527DE7FC400A20760 /* Build configuration list for PBXNativeTarget "First-App" */ = {
			isa = XCConfigurationList;
			buildConfigurations = (
				ADD8237627DE7FC400A20760 /* Debug */,
				ADD8237727DE7FC400A20760 /* Release */,
			);
			defaultConfigurationIsVisible = 0;
			defaultConfigurationName = Release;
		};
/* End XCConfigurationList section */

/* Begin XCRemoteSwiftPackageReference section */
		ADF563DE27DE881300C8C1E1 /* XCRemoteSwiftPackageReference "Alamofire" */ = {
			isa = XCRemoteSwiftPackageReference;
			repositoryURL = "https://github.com/Alamofire/Alamofire";
			requirement = {
				kind = upToNextMajorVersion;
				minimumVersion = 5.2.2;
			};
		};
/* End XCRemoteSwiftPackageReference section */

/* Begin XCSwiftPackageProductDependency section */
		ADF563DF27DE881300C8C1E1 /* Alamofire */ = {
			isa = XCSwiftPackageProductDependency;
			package = ADF563DE27DE881300C8C1E1 /* XCRemoteSwiftPackageReference "Alamofire" */;
			productName = Alamofire;
		};
/* End XCSwiftPackageProductDependency section */
	};
	rootObject = ADD8235927DE7FC200A20760 /* Project object */;
}
